
Microsoft Visual Studio Solution File, Format Version 12.00
# Visual Studio Version 16
VisualStudioVersion = 16.0.32002.261
MinimumVisualStudioVersion = 10.0.40219.1
Project("{FAE04EC0-301F-11D3-BF4B-00C04F79EFBC}") = "library", "library.csproj", "{BA664E81-1726-4D42-9E17-5B8010DCC2F6}"
EndProject
Global
	GlobalSection(SolutionConfigurationPlatforms) = preSolution
		Debug|Any CPU = Debug|Any CPU
		Release|Any CPU = Release|Any CPU
	EndGlobalSection
	GlobalSection(ProjectConfigurationPlatforms) = postSolution
		{BA664E81-1726-4D42-9E17-5B8010DCC2F6}.Debug|Any CPU.ActiveCfg = Debug|Any CPU
		{BA664E81-1726-4D42-9E17-5B8010DCC2F6}.Debug|Any CPU.Build.0 = Debug|Any CPU
		{BA664E81-1726-4D42-9E17-5B8010DCC2F6}.Release|Any CPU.ActiveCfg = Release|Any CPU
		{BA664E81-1726-4D42-9E17-5B8010DCC2F6}.Release|Any CPU.Build.0 = Release|Any CPU
	EndGlobalSection
	GlobalSection(SolutionProperties) = preSolution
		HideSolutionNode = FALSE
	EndGlobalSection
	GlobalSection(ExtensibilityGlobals) = postSolution
		SolutionGuid = {98284D76-AEE8-45CA-8C73-C68C63306034}
	EndGlobalSection
EndGlobal
